
Microsoft Visual Studio Solution File, Format Version 12.00
# Visual Studio Version 16
VisualStudioVersion = 16.0.31729.503
MinimumVisualStudioVersion = 10.0.40219.1
Project("{FAE04EC0-301F-11D3-BF4B-00C04F79EFBC}") = "QuanLyRapPhim", "QuanLyRapPhim.csproj", "{915D2B7A-950C-45B6-BBC0-0C2F7E89C1DB}"
EndProject
Global
	GlobalSection(SolutionConfigurationPlatforms) = preSolution
		Debug|Any CPU = Debug|Any CPU
		Release|Any CPU = Release|Any CPU
	EndGlobalSection
	GlobalSection(ProjectConfigurationPlatforms) = postSolution
		{915D2B7A-950C-45B6-BBC0-0C2F7E89C1DB}.Debug|Any CPU.ActiveCfg = Debug|Any CPU
		{915D2B7A-950C-45B6-BBC0-0C2F7E89C1DB}.Debug|Any CPU.Build.0 = Debug|Any CPU
		{915D2B7A-950C-45B6-BBC0-0C2F7E89C1DB}.Release|Any CPU.ActiveCfg = Release|Any CPU
		{915D2B7A-950C-45B6-BBC0-0C2F7E89C1DB}.Release|Any CPU.Build.0 = Release|Any CPU
	EndGlobalSection
	GlobalSection(SolutionProperties) = preSolution
		HideSolutionNode = FALSE
	EndGlobalSection
	GlobalSection(ExtensibilityGlobals) = postSolution
		SolutionGuid = {0D168FAC-BBB8-48F4-9FB1-23D253B4F660}
	EndGlobalSection
EndGlobal
